
Microsoft Visual Studio Solution File, Format Version 12.00
# Visual Studio Version 16
VisualStudioVersion = 16.0.29709.97
MinimumVisualStudioVersion = 10.0.40219.1
Project("{FAE04EC0-301F-11D3-BF4B-00C04F79EFBC}") = "RoutineStat", "RoutineStat\RoutineStat.csproj", "{0689EEC7-9034-4879-ACFA-A40BD7F724FD}"
EndProject
Global
	GlobalSection(SolutionConfigurationPlatforms) = preSolution
		Debug|Any CPU = Debug|Any CPU
		Release|Any CPU = Release|Any CPU
	EndGlobalSection
	GlobalSection(ProjectConfigurationPlatforms) = postSolution
		{0689EEC7-9034-4879-ACFA-A40BD7F724FD}.Debug|Any CPU.ActiveCfg = Debug|Any CPU
		{0689EEC7-9034-4879-ACFA-A40BD7F724FD}.Debug|Any CPU.Build.0 = Debug|Any CPU
		{0689EEC7-9034-4879-ACFA-A40BD7F724FD}.Release|Any CPU.ActiveCfg = Release|Any CPU
		{0689EEC7-9034-4879-ACFA-A40BD7F724FD}.Release|Any CPU.Build.0 = Release|Any CPU
	EndGlobalSection
	GlobalSection(SolutionProperties) = preSolution
		HideSolutionNode = FALSE
	EndGlobalSection
	GlobalSection(ExtensibilityGlobals) = postSolution
		SolutionGuid = {1B857B04-373B-4BBE-B3C4-EB0E665B98DE}
	EndGlobalSection
EndGlobal
